// !$*UTF8*$!
{
	archiveVersion = 1;
	classes = {
	};
	objectVersion = 56;
	objects = {

/* Begin PBXBuildFile section */
		DE2D246C2B7CD73B00982279 /* TCADemoArchitectureApp.swift in Sources */ = {isa = PBXBuildFile; fileRef = DE2D246B2B7CD73B00982279 /* TCADemoArchitectureApp.swift */; };
		DE2D24702B7CD74000982279 /* Assets.xcassets in Resources */ = {isa = PBXBuildFile; fileRef = DE2D246F2B7CD74000982279 /* Assets.xcassets */; };
		DE2D24732B7CD74000982279 /* Preview Assets.xcassets in Resources */ = {isa = PBXBuildFile; fileRef = DE2D24722B7CD74000982279 /* Preview Assets.xcassets */; };
		DE2D247B2B7CDC9700982279 /* ComposableArchitecture in Frameworks */ = {isa = PBXBuildFile; productRef = DE2D247A2B7CDC9700982279 /* ComposableArchitecture */; };
		DE2D247D2B7CDF0D00982279 /* CounterFeature.swift in Sources */ = {isa = PBXBuildFile; fileRef = DE2D247C2B7CDF0D00982279 /* CounterFeature.swift */; };
		DE2D247F2B7E367B00982279 /* CounterView.swift in Sources */ = {isa = PBXBuildFile; fileRef = DE2D247E2B7E367B00982279 /* CounterView.swift */; };
		DE798DFE2B850A6A00C2D326 /* CounterFeatureTest.swift in Sources */ = {isa = PBXBuildFile; fileRef = DE798DFD2B850A6A00C2D326 /* CounterFeatureTest.swift */; };
		DE798E032B86112800C2D326 /* NumberFactClient.swift in Sources */ = {isa = PBXBuildFile; fileRef = DE798E022B86112800C2D326 /* NumberFactClient.swift */; };
		DE798E092B864F0800C2D326 /* AppTabView.swift in Sources */ = {isa = PBXBuildFile; fileRef = DE798E082B864F0800C2D326 /* AppTabView.swift */; };
		DE798E0B2B86648B00C2D326 /* AppTabFeature.swift in Sources */ = {isa = PBXBuildFile; fileRef = DE798E0A2B86648B00C2D326 /* AppTabFeature.swift */; };
		DE798E0D2B866C8C00C2D326 /* AppTabFeatureTest.swift in Sources */ = {isa = PBXBuildFile; fileRef = DE798E0C2B866C8C00C2D326 /* AppTabFeatureTest.swift */; };
		DE798E112B87638E00C2D326 /* ContactsFeature.swift in Sources */ = {isa = PBXBuildFile; fileRef = DE798E102B87638E00C2D326 /* ContactsFeature.swift */; };
		DE798E132B8763F600C2D326 /* ContactModel.swift in Sources */ = {isa = PBXBuildFile; fileRef = DE798E122B8763F600C2D326 /* ContactModel.swift */; };
		DE798E182B8765C700C2D326 /* ContactsView.swift in Sources */ = {isa = PBXBuildFile; fileRef = DE798E172B8765C700C2D326 /* ContactsView.swift */; };
		DE798E1A2B878D4F00C2D326 /* AddContactFeature.swift in Sources */ = {isa = PBXBuildFile; fileRef = DE798E192B878D4F00C2D326 /* AddContactFeature.swift */; };
		DE798E1C2B879BE500C2D326 /* AddContactView.swift in Sources */ = {isa = PBXBuildFile; fileRef = DE798E1B2B879BE500C2D326 /* AddContactView.swift */; };
/* End PBXBuildFile section */

/* Begin PBXContainerItemProxy section */
		DE798DF82B850A0B00C2D326 /* PBXContainerItemProxy */ = {
			isa = PBXContainerItemProxy;
			containerPortal = DE2D24602B7CD73B00982279 /* Project object */;
			proxyType = 1;
			remoteGlobalIDString = DE2D24672B7CD73B00982279;
			remoteInfo = TCADemoArchitecture;
		};
/* End PBXContainerItemProxy section */

/* Begin PBXFileReference section */
		DE2D24682B7CD73B00982279 /* TCADemoArchitecture.app */ = {isa = PBXFileReference; explicitFileType = wrapper.application; includeInIndex = 0; path = TCADemoArchitecture.app; sourceTree = BUILT_PRODUCTS_DIR; };
		DE2D246B2B7CD73B00982279 /* TCADemoArchitectureApp.swift */ = {isa = PBXFileReference; lastKnownFileType = sourcecode.swift; path = TCADemoArchitectureApp.swift; sourceTree = "<group>"; };
		DE2D246F2B7CD74000982279 /* Assets.xcassets */ = {isa = PBXFileReference; lastKnownFileType = folder.assetcatalog; path = Assets.xcassets; sourceTree = "<group>"; };
		DE2D24722B7CD74000982279 /* Preview Assets.xcassets */ = {isa = PBXFileReference; lastKnownFileType = folder.assetcatalog; path = "Preview Assets.xcassets"; sourceTree = "<group>"; };
		DE2D247C2B7CDF0D00982279 /* CounterFeature.swift */ = {isa = PBXFileReference; lastKnownFileType = sourcecode.swift; path = CounterFeature.swift; sourceTree = "<group>"; };
		DE2D247E2B7E367B00982279 /* CounterView.swift */ = {isa = PBXFileReference; lastKnownFileType = sourcecode.swift; path = CounterView.swift; sourceTree = "<group>"; };
		DE2D24802B7E7E5800982279 /* Info.plist */ = {isa = PBXFileReference; lastKnownFileType = text.plist; path = Info.plist; sourceTree = "<group>"; };
		DE798DF42B850A0B00C2D326 /* TCADemoArchitectureTests.xctest */ = {isa = PBXFileReference; explicitFileType = wrapper.cfbundle; includeInIndex = 0; path = TCADemoArchitectureTests.xctest; sourceTree = BUILT_PRODUCTS_DIR; };
		DE798DFD2B850A6A00C2D326 /* CounterFeatureTest.swift */ = {isa = PBXFileReference; lastKnownFileType = sourcecode.swift; path = CounterFeatureTest.swift; sourceTree = "<group>"; };
		DE798E022B86112800C2D326 /* NumberFactClient.swift */ = {isa = PBXFileReference; lastKnownFileType = sourcecode.swift; path = NumberFactClient.swift; sourceTree = "<group>"; };
		DE798E082B864F0800C2D326 /* AppTabView.swift */ = {isa = PBXFileReference; lastKnownFileType = sourcecode.swift; path = AppTabView.swift; sourceTree = "<group>"; };
		DE798E0A2B86648B00C2D326 /* AppTabFeature.swift */ = {isa = PBXFileReference; lastKnownFileType = sourcecode.swift; path = AppTabFeature.swift; sourceTree = "<group>"; };
		DE798E0C2B866C8C00C2D326 /* AppTabFeatureTest.swift */ = {isa = PBXFileReference; lastKnownFileType = sourcecode.swift; path = AppTabFeatureTest.swift; sourceTree = "<group>"; };
		DE798E102B87638E00C2D326 /* ContactsFeature.swift */ = {isa = PBXFileReference; lastKnownFileType = sourcecode.swift; path = ContactsFeature.swift; sourceTree = "<group>"; };
		DE798E122B8763F600C2D326 /* ContactModel.swift */ = {isa = PBXFileReference; lastKnownFileType = sourcecode.swift; path = ContactModel.swift; sourceTree = "<group>"; };
		DE798E172B8765C700C2D326 /* ContactsView.swift */ = {isa = PBXFileReference; lastKnownFileType = sourcecode.swift; path = ContactsView.swift; sourceTree = "<group>"; };
		DE798E192B878D4F00C2D326 /* AddContactFeature.swift */ = {isa = PBXFileReference; lastKnownFileType = sourcecode.swift; path = AddContactFeature.swift; sourceTree = "<group>"; };
		DE798E1B2B879BE500C2D326 /* AddContactView.swift */ = {isa = PBXFileReference; lastKnownFileType = sourcecode.swift; path = AddContactView.swift; sourceTree = "<group>"; };
/* End PBXFileReference section */

/* Begin PBXFrameworksBuildPhase section */
		DE2D24652B7CD73B00982279 /* Frameworks */ = {
			isa = PBXFrameworksBuildPhase;
			buildActionMask = 2147483647;
			files = (
				DE2D247B2B7CDC9700982279 /* ComposableArchitecture in Frameworks */,
			);
			runOnlyForDeploymentPostprocessing = 0;
		};
		DE798DF12B850A0B00C2D326 /* Frameworks */ = {
			isa = PBXFrameworksBuildPhase;
			buildActionMask = 2147483647;
			files = (
			);
			runOnlyForDeploymentPostprocessing = 0;
		};
/* End PBXFrameworksBuildPhase section */

/* Begin PBXGroup section */
		DE2D245F2B7CD73B00982279 = {
			isa = PBXGroup;
			children = (
				DE2D246A2B7CD73B00982279 /* TCADemoArchitecture */,
				DE798DF52B850A0B00C2D326 /* TCADemoArchitectureTests */,
				DE2D24692B7CD73B00982279 /* Products */,
				DE798DFF2B850AFD00C2D326 /* Frameworks */,
			);
			sourceTree = "<group>";
		};
		DE2D24692B7CD73B00982279 /* Products */ = {
			isa = PBXGroup;
			children = (
				DE2D24682B7CD73B00982279 /* TCADemoArchitecture.app */,
				DE798DF42B850A0B00C2D326 /* TCADemoArchitectureTests.xctest */,
			);
			name = Products;
			sourceTree = "<group>";
		};
		DE2D246A2B7CD73B00982279 /* TCADemoArchitecture */ = {
			isa = PBXGroup;
			children = (
				DE798E072B864EE200C2D326 /* Root */,
				DE798E0E2B867C9A00C2D326 /* CounterDemo */,
				DE798E0F2B87636C00C2D326 /* Contacts */,
				DE2D24802B7E7E5800982279 /* Info.plist */,
				DE2D246F2B7CD74000982279 /* Assets.xcassets */,
				DE2D24712B7CD74000982279 /* Preview Content */,
			);
			path = TCADemoArchitecture;
			sourceTree = "<group>";
		};
		DE2D24712B7CD74000982279 /* Preview Content */ = {
			isa = PBXGroup;
			children = (
				DE2D24722B7CD74000982279 /* Preview Assets.xcassets */,
			);
			path = "Preview Content";
			sourceTree = "<group>";
		};
		DE798DF52B850A0B00C2D326 /* TCADemoArchitectureTests */ = {
			isa = PBXGroup;
			children = (
				DE798DFD2B850A6A00C2D326 /* CounterFeatureTest.swift */,
				DE798E0C2B866C8C00C2D326 /* AppTabFeatureTest.swift */,
			);
			path = TCADemoArchitectureTests;
			sourceTree = "<group>";
		};
		DE798DFF2B850AFD00C2D326 /* Frameworks */ = {
			isa = PBXGroup;
			children = (
			);
			name = Frameworks;
			sourceTree = "<group>";
		};
		DE798E042B864E7000C2D326 /* Store */ = {
			isa = PBXGroup;
			children = (
				DE798E0A2B86648B00C2D326 /* AppTabFeature.swift */,
				DE2D247C2B7CDF0D00982279 /* CounterFeature.swift */,
			);
			path = Store;
			sourceTree = "<group>";
		};
		DE798E052B864E8E00C2D326 /* View */ = {
			isa = PBXGroup;
			children = (
				DE798E082B864F0800C2D326 /* AppTabView.swift */,
				DE2D247E2B7E367B00982279 /* CounterView.swift */,
			);
			path = View;
			sourceTree = "<group>";
		};
		DE798E062B864EA700C2D326 /* Environment */ = {
			isa = PBXGroup;
			children = (
				DE798E022B86112800C2D326 /* NumberFactClient.swift */,
			);
			path = Environment;
			sourceTree = "<group>";
		};
		DE798E072B864EE200C2D326 /* Root */ = {
			isa = PBXGroup;
			children = (
				DE2D246B2B7CD73B00982279 /* TCADemoArchitectureApp.swift */,
			);
			path = Root;
			sourceTree = "<group>";
		};
		DE798E0E2B867C9A00C2D326 /* CounterDemo */ = {
			isa = PBXGroup;
			children = (
				DE798E042B864E7000C2D326 /* Store */,
				DE798E052B864E8E00C2D326 /* View */,
				DE798E062B864EA700C2D326 /* Environment */,
			);
			path = CounterDemo;
			sourceTree = "<group>";
		};
		DE798E0F2B87636C00C2D326 /* Contacts */ = {
			isa = PBXGroup;
			children = (
				DE798E162B8765A300C2D326 /* View */,
				DE798E142B87657500C2D326 /* Store */,
				DE798E152B87657E00C2D326 /* Model */,
			);
			path = Contacts;
			sourceTree = "<group>";
		};
		DE798E142B87657500C2D326 /* Store */ = {
			isa = PBXGroup;
			children = (
				DE798E102B87638E00C2D326 /* ContactsFeature.swift */,
				DE798E192B878D4F00C2D326 /* AddContactFeature.swift */,
			);
			path = Store;
			sourceTree = "<group>";
		};
		DE798E152B87657E00C2D326 /* Model */ = {
			isa = PBXGroup;
			children = (
				DE798E122B8763F600C2D326 /* ContactModel.swift */,
			);
			path = Model;
			sourceTree = "<group>";
		};
		DE798E162B8765A300C2D326 /* View */ = {
			isa = PBXGroup;
			children = (
				DE798E172B8765C700C2D326 /* ContactsView.swift */,
				DE798E1B2B879BE500C2D326 /* AddContactView.swift */,
			);
			path = View;
			sourceTree = "<group>";
		};
/* End PBXGroup section */

/* Begin PBXNativeTarget section */
		DE2D24672B7CD73B00982279 /* TCADemoArchitecture */ = {
			isa = PBXNativeTarget;
			buildConfigurationList = DE2D24762B7CD74000982279 /* Build configuration list for PBXNativeTarget "TCADemoArchitecture" */;
			buildPhases = (
				DE2D24642B7CD73B00982279 /* Sources */,
				DE2D24652B7CD73B00982279 /* Frameworks */,
				DE2D24662B7CD73B00982279 /* Resources */,
			);
			buildRules = (
			);
			dependencies = (
			);
			name = TCADemoArchitecture;
			packageProductDependencies = (
				DE2D247A2B7CDC9700982279 /* ComposableArchitecture */,
			);
			productName = TCADemoArchitecture;
			productReference = DE2D24682B7CD73B00982279 /* TCADemoArchitecture.app */;
			productType = "com.apple.product-type.application";
		};
		DE798DF32B850A0B00C2D326 /* TCADemoArchitectureTests */ = {
			isa = PBXNativeTarget;
			buildConfigurationList = DE798DFC2B850A0B00C2D326 /* Build configuration list for PBXNativeTarget "TCADemoArchitectureTests" */;
			buildPhases = (
				DE798DF02B850A0B00C2D326 /* Sources */,
				DE798DF12B850A0B00C2D326 /* Frameworks */,
				DE798DF22B850A0B00C2D326 /* Resources */,
			);
			buildRules = (
			);
			dependencies = (
				DE798DF92B850A0B00C2D326 /* PBXTargetDependency */,
			);
			name = TCADemoArchitectureTests;
			packageProductDependencies = (
			);
			productName = TCADemoArchitectureTests;
			productReference = DE798DF42B850A0B00C2D326 /* TCADemoArchitectureTests.xctest */;
			productType = "com.apple.product-type.bundle.unit-test";
		};
/* End PBXNativeTarget section */

/* Begin PBXProject section */
		DE2D24602B7CD73B00982279 /* Project object */ = {
			isa = PBXProject;
			attributes = {
				BuildIndependentTargetsInParallel = 1;
				LastSwiftUpdateCheck = 1510;
				LastUpgradeCheck = 1510;
				TargetAttributes = {
					DE2D24672B7CD73B00982279 = {
						CreatedOnToolsVersion = 15.1;
					};
					DE798DF32B850A0B00C2D326 = {
						CreatedOnToolsVersion = 15.1;
						TestTargetID = DE2D24672B7CD73B00982279;
					};
				};
			};
			buildConfigurationList = DE2D24632B7CD73B00982279 /* Build configuration list for PBXProject "TCADemoArchitecture" */;
			compatibilityVersion = "Xcode 14.0";
			developmentRegion = en;
			hasScannedForEncodings = 0;
			knownRegions = (
				en,
				Base,
			);
			mainGroup = DE2D245F2B7CD73B00982279;
			packageReferences = (
				DE2D24792B7CDC9700982279 /* XCRemoteSwiftPackageReference "swift-composable-architecture" */,
			);
			productRefGroup = DE2D24692B7CD73B00982279 /* Products */;
			projectDirPath = "";
			projectRoot = "";
			targets = (
				DE2D24672B7CD73B00982279 /* TCADemoArchitecture */,
				DE798DF32B850A0B00C2D326 /* TCADemoArchitectureTests */,
			);
		};
/* End PBXProject section */

/* Begin PBXResourcesBuildPhase section */
		DE2D24662B7CD73B00982279 /* Resources */ = {
			isa = PBXResourcesBuildPhase;
			buildActionMask = 2147483647;
			files = (
				DE2D24732B7CD74000982279 /* Preview Assets.xcassets in Resources */,
				DE2D24702B7CD74000982279 /* Assets.xcassets in Resources */,
			);
			runOnlyForDeploymentPostprocessing = 0;
		};
		DE798DF22B850A0B00C2D326 /* Resources */ = {
			isa = PBXResourcesBuildPhase;
			buildActionMask = 2147483647;
			files = (
			);
			runOnlyForDeploymentPostprocessing = 0;
		};
/* End PBXResourcesBuildPhase section */

/* Begin PBXSourcesBuildPhase section */
		DE2D24642B7CD73B00982279 /* Sources */ = {
			isa = PBXSourcesBuildPhase;
			buildActionMask = 2147483647;
			files = (
				DE798E032B86112800C2D326 /* NumberFactClient.swift in Sources */,
				DE798E1A2B878D4F00C2D326 /* AddContactFeature.swift in Sources */,
				DE2D247D2B7CDF0D00982279 /* CounterFeature.swift in Sources */,
				DE798E132B8763F600C2D326 /* ContactModel.swift in Sources */,
				DE798E1C2B879BE500C2D326 /* AddContactView.swift in Sources */,
				DE798E0B2B86648B00C2D326 /* AppTabFeature.swift in Sources */,
				DE2D246C2B7CD73B00982279 /* TCADemoArchitectureApp.swift in Sources */,
				DE798E112B87638E00C2D326 /* ContactsFeature.swift in Sources */,
				DE798E182B8765C700C2D326 /* ContactsView.swift in Sources */,
				DE798E092B864F0800C2D326 /* AppTabView.swift in Sources */,
				DE2D247F2B7E367B00982279 /* CounterView.swift in Sources */,
			);
			runOnlyForDeploymentPostprocessing = 0;
		};
		DE798DF02B850A0B00C2D326 /* Sources */ = {
			isa = PBXSourcesBuildPhase;
			buildActionMask = 2147483647;
			files = (
				DE798E0D2B866C8C00C2D326 /* AppTabFeatureTest.swift in Sources */,
				DE798DFE2B850A6A00C2D326 /* CounterFeatureTest.swift in Sources */,
			);
			runOnlyForDeploymentPostprocessing = 0;
		};
/* End PBXSourcesBuildPhase section */

/* Begin PBXTargetDependency section */
		DE798DF92B850A0B00C2D326 /* PBXTargetDependency */ = {
			isa = PBXTargetDependency;
			target = DE2D24672B7CD73B00982279 /* TCADemoArchitecture */;
			targetProxy = DE798DF82B850A0B00C2D326 /* PBXContainerItemProxy */;
		};
/* End PBXTargetDependency section */

/* Begin XCBuildConfiguration section */
		DE2D24742B7CD74000982279 /* Debug */ = {
			isa = XCBuildConfiguration;
			buildSettings = {
				ALWAYS_SEARCH_USER_PATHS = NO;
				ASSETCATALOG_COMPILER_GENERATE_SWIFT_ASSET_SYMBOL_EXTENSIONS = YES;
				CLANG_ANALYZER_NONNULL = YES;
				CLANG_ANALYZER_NUMBER_OBJECT_CONVERSION = YES_AGGRESSIVE;
				CLANG_CXX_LANGUAGE_STANDARD = "gnu++20";
				CLANG_ENABLE_MODULES = YES;
				CLANG_ENABLE_OBJC_ARC = YES;
				CLANG_ENABLE_OBJC_WEAK = YES;
				CLANG_WARN_BLOCK_CAPTURE_AUTORELEASING = YES;
				CLANG_WARN_BOOL_CONVERSION = YES;
				CLANG_WARN_COMMA = YES;
				CLANG_WARN_CONSTANT_CONVERSION = YES;
				CLANG_WARN_DEPRECATED_OBJC_IMPLEMENTATIONS = YES;
				CLANG_WARN_DIRECT_OBJC_ISA_USAGE = YES_ERROR;
				CLANG_WARN_DOCUMENTATION_COMMENTS = YES;
				CLANG_WARN_EMPTY_BODY = YES;
				CLANG_WARN_ENUM_CONVERSION = YES;
				CLANG_WARN_INFINITE_RECURSION = YES;
				CLANG_WARN_INT_CONVERSION = YES;
				CLANG_WARN_NON_LITERAL_NULL_CONVERSION = YES;
				CLANG_WARN_OBJC_IMPLICIT_RETAIN_SELF = YES;
				CLANG_WARN_OBJC_LITERAL_CONVERSION = YES;
				CLANG_WARN_OBJC_ROOT_CLASS = YES_ERROR;
				CLANG_WARN_QUOTED_INCLUDE_IN_FRAMEWORK_HEADER = YES;
				CLANG_WARN_RANGE_LOOP_ANALYSIS = YES;
				CLANG_WARN_STRICT_PROTOTYPES = YES;
				CLANG_WARN_SUSPICIOUS_MOVE = YES;
				CLANG_WARN_UNGUARDED_AVAILABILITY = YES_AGGRESSIVE;
				CLANG_WARN_UNREACHABLE_CODE = YES;
				CLANG_WARN__DUPLICATE_METHOD_MATCH = YES;
				COPY_PHASE_STRIP = NO;
				DEBUG_INFORMATION_FORMAT = dwarf;
				ENABLE_STRICT_OBJC_MSGSEND = YES;
				ENABLE_TESTABILITY = YES;
				ENABLE_USER_SCRIPT_SANDBOXING = YES;
				GCC_C_LANGUAGE_STANDARD = gnu17;
				GCC_DYNAMIC_NO_PIC = NO;
				GCC_NO_COMMON_BLOCKS = YES;
				GCC_OPTIMIZATION_LEVEL = 0;
				GCC_PREPROCESSOR_DEFINITIONS = (
					"DEBUG=1",
					"$(inherited)",
				);
				GCC_WARN_64_TO_32_BIT_CONVERSION = YES;
				GCC_WARN_ABOUT_RETURN_TYPE = YES_ERROR;
				GCC_WARN_UNDECLARED_SELECTOR = YES;
				GCC_WARN_UNINITIALIZED_AUTOS = YES_AGGRESSIVE;
				GCC_WARN_UNUSED_FUNCTION = YES;
				GCC_WARN_UNUSED_VARIABLE = YES;
				IPHONEOS_DEPLOYMENT_TARGET = 17.2;
				LOCALIZATION_PREFERS_STRING_CATALOGS = YES;
				MTL_ENABLE_DEBUG_INFO = INCLUDE_SOURCE;
				MTL_FAST_MATH = YES;
				ONLY_ACTIVE_ARCH = YES;
				SDKROOT = iphoneos;
				SWIFT_ACTIVE_COMPILATION_CONDITIONS = "DEBUG $(inherited)";
				SWIFT_OPTIMIZATION_LEVEL = "-Onone";
			};
			name = Debug;
		};
		DE2D24752B7CD74000982279 /* Release */ = {
			isa = XCBuildConfiguration;
			buildSettings = {
				ALWAYS_SEARCH_USER_PATHS = NO;
				ASSETCATALOG_COMPILER_GENERATE_SWIFT_ASSET_SYMBOL_EXTENSIONS = YES;
				CLANG_ANALYZER_NONNULL = YES;
				CLANG_ANALYZER_NUMBER_OBJECT_CONVERSION = YES_AGGRESSIVE;
				CLANG_CXX_LANGUAGE_STANDARD = "gnu++20";
				CLANG_ENABLE_MODULES = YES;
				CLANG_ENABLE_OBJC_ARC = YES;
				CLANG_ENABLE_OBJC_WEAK = YES;
				CLANG_WARN_BLOCK_CAPTURE_AUTORELEASING = YES;
				CLANG_WARN_BOOL_CONVERSION = YES;
				CLANG_WARN_COMMA = YES;
				CLANG_WARN_CONSTANT_CONVERSION = YES;
				CLANG_WARN_DEPRECATED_OBJC_IMPLEMENTATIONS = YES;
				CLANG_WARN_DIRECT_OBJC_ISA_USAGE = YES_ERROR;
				CLANG_WARN_DOCUMENTATION_COMMENTS = YES;
				CLANG_WARN_EMPTY_BODY = YES;
				CLANG_WARN_ENUM_CONVERSION = YES;
				CLANG_WARN_INFINITE_RECURSION = YES;
				CLANG_WARN_INT_CONVERSION = YES;
				CLANG_WARN_NON_LITERAL_NULL_CONVERSION = YES;
				CLANG_WARN_OBJC_IMPLICIT_RETAIN_SELF = YES;
				CLANG_WARN_OBJC_LITERAL_CONVERSION = YES;
				CLANG_WARN_OBJC_ROOT_CLASS = YES_ERROR;
				CLANG_WARN_QUOTED_INCLUDE_IN_FRAMEWORK_HEADER = YES;
				CLANG_WARN_RANGE_LOOP_ANALYSIS = YES;
				CLANG_WARN_STRICT_PROTOTYPES = YES;
				CLANG_WARN_SUSPICIOUS_MOVE = YES;
				CLANG_WARN_UNGUARDED_AVAILABILITY = YES_AGGRESSIVE;
				CLANG_WARN_UNREACHABLE_CODE = YES;
				CLANG_WARN__DUPLICATE_METHOD_MATCH = YES;
				COPY_PHASE_STRIP = NO;
				DEBUG_INFORMATION_FORMAT = "dwarf-with-dsym";
				ENABLE_NS_ASSERTIONS = NO;
				ENABLE_STRICT_OBJC_MSGSEND = YES;
				ENABLE_USER_SCRIPT_SANDBOXING = YES;
				GCC_C_LANGUAGE_STANDARD = gnu17;
				GCC_NO_COMMON_BLOCKS = YES;
				GCC_WARN_64_TO_32_BIT_CONVERSION = YES;
				GCC_WARN_ABOUT_RETURN_TYPE = YES_ERROR;
				GCC_WARN_UNDECLARED_SELECTOR = YES;
				GCC_WARN_UNINITIALIZED_AUTOS = YES_AGGRESSIVE;
				GCC_WARN_UNUSED_FUNCTION = YES;
				GCC_WARN_UNUSED_VARIABLE = YES;
				IPHONEOS_DEPLOYMENT_TARGET = 17.2;
				LOCALIZATION_PREFERS_STRING_CATALOGS = YES;
				MTL_ENABLE_DEBUG_INFO = NO;
				MTL_FAST_MATH = YES;
				SDKROOT = iphoneos;
				SWIFT_COMPILATION_MODE = wholemodule;
				VALIDATE_PRODUCT = YES;
			};
			name = Release;
		};
		DE2D24772B7CD74000982279 /* Debug */ = {
			isa = XCBuildConfiguration;
			buildSettings = {
				ASSETCATALOG_COMPILER_APPICON_NAME = AppIcon;
				ASSETCATALOG_COMPILER_GLOBAL_ACCENT_COLOR_NAME = AccentColor;
				CODE_SIGN_STYLE = Automatic;
				CURRENT_PROJECT_VERSION = 1;
				DEVELOPMENT_ASSET_PATHS = "\"TCADemoArchitecture/Preview Content\"";
				DEVELOPMENT_TEAM = 2J8W8ZZGT2;
				ENABLE_PREVIEWS = YES;
				GENERATE_INFOPLIST_FILE = YES;
				INFOPLIST_FILE = TCADemoArchitecture/Info.plist;
				INFOPLIST_KEY_UIApplicationSceneManifest_Generation = YES;
				INFOPLIST_KEY_UIApplicationSupportsIndirectInputEvents = YES;
				INFOPLIST_KEY_UILaunchScreen_Generation = YES;
				INFOPLIST_KEY_UISupportedInterfaceOrientations_iPad = "UIInterfaceOrientationPortrait UIInterfaceOrientationPortraitUpsideDown UIInterfaceOrientationLandscapeLeft UIInterfaceOrientationLandscapeRight";
				INFOPLIST_KEY_UISupportedInterfaceOrientations_iPhone = "UIInterfaceOrientationPortrait UIInterfaceOrientationLandscapeLeft UIInterfaceOrientationLandscapeRight";
				LD_RUNPATH_SEARCH_PATHS = (
					"$(inherited)",
					"@executable_path/Frameworks",
				);
				MARKETING_VERSION = 1.0;
				PRODUCT_BUNDLE_IDENTIFIER = Home.TCADemoArchitecture;
				PRODUCT_NAME = "$(TARGET_NAME)";
				SWIFT_EMIT_LOC_STRINGS = YES;
				SWIFT_VERSION = 5.0;
				TARGETED_DEVICE_FAMILY = "1,2";
			};
			name = Debug;
		};
		DE2D24782B7CD74000982279 /* Release */ = {
			isa = XCBuildConfiguration;
			buildSettings = {
				ASSETCATALOG_COMPILER_APPICON_NAME = AppIcon;
				ASSETCATALOG_COMPILER_GLOBAL_ACCENT_COLOR_NAME = AccentColor;
				CODE_SIGN_STYLE = Automatic;
				CURRENT_PROJECT_VERSION = 1;
				DEVELOPMENT_ASSET_PATHS = "\"TCADemoArchitecture/Preview Content\"";
				DEVELOPMENT_TEAM = 2J8W8ZZGT2;
				ENABLE_PREVIEWS = YES;
				GENERATE_INFOPLIST_FILE = YES;
				INFOPLIST_FILE = TCADemoArchitecture/Info.plist;
				INFOPLIST_KEY_UIApplicationSceneManifest_Generation = YES;
				INFOPLIST_KEY_UIApplicationSupportsIndirectInputEvents = YES;
				INFOPLIST_KEY_UILaunchScreen_Generation = YES;
				INFOPLIST_KEY_UISupportedInterfaceOrientations_iPad = "UIInterfaceOrientationPortrait UIInterfaceOrientationPortraitUpsideDown UIInterfaceOrientationLandscapeLeft UIInterfaceOrientationLandscapeRight";
				INFOPLIST_KEY_UISupportedInterfaceOrientations_iPhone = "UIInterfaceOrientationPortrait UIInterfaceOrientationLandscapeLeft UIInterfaceOrientationLandscapeRight";
				LD_RUNPATH_SEARCH_PATHS = (
					"$(inherited)",
					"@executable_path/Frameworks",
				);
				MARKETING_VERSION = 1.0;
				PRODUCT_BUNDLE_IDENTIFIER = Home.TCADemoArchitecture;
				PRODUCT_NAME = "$(TARGET_NAME)";
				SWIFT_EMIT_LOC_STRINGS = YES;
				SWIFT_VERSION = 5.0;
				TARGETED_DEVICE_FAMILY = "1,2";
			};
			name = Release;
		};
		DE798DFA2B850A0B00C2D326 /* Debug */ = {
			isa = XCBuildConfiguration;
			buildSettings = {
				BUNDLE_LOADER = "$(TEST_HOST)";
				CODE_SIGN_STYLE = Automatic;
				CURRENT_PROJECT_VERSION = 1;
				DEVELOPMENT_TEAM = 2J8W8ZZGT2;
				GENERATE_INFOPLIST_FILE = YES;
				MARKETING_VERSION = 1.0;
				PRODUCT_BUNDLE_IDENTIFIER = Home.TCADemoArchitectureTests;
				PRODUCT_NAME = "$(TARGET_NAME)";
				SWIFT_EMIT_LOC_STRINGS = NO;
				SWIFT_VERSION = 5.0;
				TARGETED_DEVICE_FAMILY = "1,2";
				TEST_HOST = "$(BUILT_PRODUCTS_DIR)/TCADemoArchitecture.app/$(BUNDLE_EXECUTABLE_FOLDER_PATH)/TCADemoArchitecture";
			};
			name = Debug;
		};
		DE798DFB2B850A0B00C2D326 /* Release */ = {
			isa = XCBuildConfiguration;
			buildSettings = {
				BUNDLE_LOADER = "$(TEST_HOST)";
				CODE_SIGN_STYLE = Automatic;
				CURRENT_PROJECT_VERSION = 1;
				DEVELOPMENT_TEAM = 2J8W8ZZGT2;
				GENERATE_INFOPLIST_FILE = YES;
				MARKETING_VERSION = 1.0;
				PRODUCT_BUNDLE_IDENTIFIER = Home.TCADemoArchitectureTests;
				PRODUCT_NAME = "$(TARGET_NAME)";
				SWIFT_EMIT_LOC_STRINGS = NO;
				SWIFT_VERSION = 5.0;
				TARGETED_DEVICE_FAMILY = "1,2";
				TEST_HOST = "$(BUILT_PRODUCTS_DIR)/TCADemoArchitecture.app/$(BUNDLE_EXECUTABLE_FOLDER_PATH)/TCADemoArchitecture";
			};
			name = Release;
		};
/* End XCBuildConfiguration section */

/* Begin XCConfigurationList section */
		DE2D24632B7CD73B00982279 /* Build configuration list for PBXProject "TCADemoArchitecture" */ = {
			isa = XCConfigurationList;
			buildConfigurations = (
				DE2D24742B7CD74000982279 /* Debug */,
				DE2D24752B7CD74000982279 /* Release */,
			);
			defaultConfigurationIsVisible = 0;
			defaultConfigurationName = Release;
		};
		DE2D24762B7CD74000982279 /* Build configuration list for PBXNativeTarget "TCADemoArchitecture" */ = {
			isa = XCConfigurationList;
			buildConfigurations = (
				DE2D24772B7CD74000982279 /* Debug */,
				DE2D24782B7CD74000982279 /* Release */,
			);
			defaultConfigurationIsVisible = 0;
			defaultConfigurationName = Release;
		};
		DE798DFC2B850A0B00C2D326 /* Build configuration list for PBXNativeTarget "TCADemoArchitectureTests" */ = {
			isa = XCConfigurationList;
			buildConfigurations = (
				DE798DFA2B850A0B00C2D326 /* Debug */,
				DE798DFB2B850A0B00C2D326 /* Release */,
			);
			defaultConfigurationIsVisible = 0;
			defaultConfigurationName = Release;
		};
/* End XCConfigurationList section */

/* Begin XCRemoteSwiftPackageReference section */
		DE2D24792B7CDC9700982279 /* XCRemoteSwiftPackageReference "swift-composable-architecture" */ = {
			isa = XCRemoteSwiftPackageReference;
			repositoryURL = "https://github.com/pointfreeco/swift-composable-architecture";
			requirement = {
				kind = upToNextMajorVersion;
				minimumVersion = 1.8.0;
			};
		};
/* End XCRemoteSwiftPackageReference section */

/* Begin XCSwiftPackageProductDependency section */
		DE2D247A2B7CDC9700982279 /* ComposableArchitecture */ = {
			isa = XCSwiftPackageProductDependency;
			package = DE2D24792B7CDC9700982279 /* XCRemoteSwiftPackageReference "swift-composable-architecture" */;
			productName = ComposableArchitecture;
		};
/* End XCSwiftPackageProductDependency section */
	};
	rootObject = DE2D24602B7CD73B00982279 /* Project object */;
}
